
Microsoft Visual Studio Solution File, Format Version 12.00
# Visual Studio Version 17
VisualStudioVersion = 17.8.34511.84
MinimumVisualStudioVersion = 10.0.40219.1
Project("{FAE04EC0-301F-11D3-BF4B-00C04F79EFBC}") = "edu.numRamdonMatrizEjercicio4", "edu.numRamdonMatrizEjercicio4.csproj", "{A78A0602-4D91-4B60-9D19-850D225F3BEC}"
EndProject
Global
	GlobalSection(SolutionConfigurationPlatforms) = preSolution
		Debug|Any CPU = Debug|Any CPU
		Release|Any CPU = Release|Any CPU
	EndGlobalSection
	GlobalSection(ProjectConfigurationPlatforms) = postSolution
		{A78A0602-4D91-4B60-9D19-850D225F3BEC}.Debug|Any CPU.ActiveCfg = Debug|Any CPU
		{A78A0602-4D91-4B60-9D19-850D225F3BEC}.Debug|Any CPU.Build.0 = Debug|Any CPU
		{A78A0602-4D91-4B60-9D19-850D225F3BEC}.Release|Any CPU.ActiveCfg = Release|Any CPU
		{A78A0602-4D91-4B60-9D19-850D225F3BEC}.Release|Any CPU.Build.0 = Release|Any CPU
	EndGlobalSection
	GlobalSection(SolutionProperties) = preSolution
		HideSolutionNode = FALSE
	EndGlobalSection
	GlobalSection(ExtensibilityGlobals) = postSolution
		SolutionGuid = {716C8727-E6F9-4CD7-95BE-8C68A485D1D2}
	EndGlobalSection
EndGlobal
